
Microsoft Visual Studio Solution File, Format Version 12.00
# Visual Studio Version 16
VisualStudioVersion = 16.0.31313.79
MinimumVisualStudioVersion = 10.0.40219.1
Project("{FAE04EC0-301F-11D3-BF4B-00C04F79EFBC}") = "ApiCatalogoJogos", "ApiCatalogoJogos\ApiCatalogoJogos.csproj", "{44817022-4DE1-4BA3-BD94-9415D050CB6F}"
EndProject
Global
	GlobalSection(SolutionConfigurationPlatforms) = preSolution
		Debug|Any CPU = Debug|Any CPU
		Release|Any CPU = Release|Any CPU
	EndGlobalSection
	GlobalSection(ProjectConfigurationPlatforms) = postSolution
		{44817022-4DE1-4BA3-BD94-9415D050CB6F}.Debug|Any CPU.ActiveCfg = Debug|Any CPU
		{44817022-4DE1-4BA3-BD94-9415D050CB6F}.Debug|Any CPU.Build.0 = Debug|Any CPU
		{44817022-4DE1-4BA3-BD94-9415D050CB6F}.Release|Any CPU.ActiveCfg = Release|Any CPU
		{44817022-4DE1-4BA3-BD94-9415D050CB6F}.Release|Any CPU.Build.0 = Release|Any CPU
	EndGlobalSection
	GlobalSection(SolutionProperties) = preSolution
		HideSolutionNode = FALSE
	EndGlobalSection
	GlobalSection(ExtensibilityGlobals) = postSolution
		SolutionGuid = {48C7CD32-ADE8-4FCC-A294-B21C43B0392D}
	EndGlobalSection
EndGlobal
